
Microsoft Visual Studio Solution File, Format Version 12.00
# Visual Studio Version 17
VisualStudioVersion = 17.4.33110.190
MinimumVisualStudioVersion = 10.0.40219.1
Project("{8BC9CEB8-8B4A-11D0-8D11-00A0C91BC942}") = "getinfo", "STEP1_GETINFO\getinfo.vcxproj", "{7583080C-ABDD-4423-92D5-AF61047CC7A7}"
EndProject
Project("{8BC9CEB8-8B4A-11D0-8D11-00A0C91BC942}") = "adcset", "STEP2_ADCSET\adcset.vcxproj", "{9580DFA4-4817-4C7B-B0F6-448850DD6E22}"
EndProject
Project("{8BC9CEB8-8B4A-11D0-8D11-00A0C91BC942}") = "getdata", "STEP3_GETDATA\getdata.vcxproj", "{032D46D7-1BBB-4F68-B7D0-015AB17F067D}"
EndProject
Project("{8BC9CEB8-8B4A-11D0-8D11-00A0C91BC942}") = "usestream", "STEP4_STREAM\usestream.vcxproj", "{93A292DE-B046-4A7E-8BD8-D890554B6FBD}"
EndProject
Project("{8BC9CEB8-8B4A-11D0-8D11-00A0C91BC942}") = "memfifo", "STEP5_MEMFIFO\memfifo.vcxproj", "{B63DDB60-4465-47C0-8BB1-2D2E737A3753}"
EndProject
Project("{8BC9CEB8-8B4A-11D0-8D11-00A0C91BC942}") = "usesdram", "STEP6_SDRAM\usesdram.vcxproj", "{BAF1569B-EFAF-49E1-BDE4-75CFB841C27E}"
EndProject
Project("{8BC9CEB8-8B4A-11D0-8D11-00A0C91BC942}") = "sdramirq", "STEP7_SDRAMIRQ\sdramirq.vcxproj", "{3610F37C-F305-47E4-85EF-ABEB96B79A13}"
EndProject
Project("{8BC9CEB8-8B4A-11D0-8D11-00A0C91BC942}") = "contdaq", "STEP8_CONT\contdaq.vcxproj", "{F70EF810-C298-4761-AA4A-F9762FBC9E7A}"
EndProject
Project("{8BC9CEB8-8B4A-11D0-8D11-00A0C91BC942}") = "daqfile", "STEP9_DAQFILE\daqfile.vcxproj", "{EBD83382-5C53-4501-8B20-E7C3B34B8FA9}"
EndProject
Project("{8BC9CEB8-8B4A-11D0-8D11-00A0C91BC942}") = "devfunc", "STEP10_DEVFUNC\devfunc.vcxproj", "{3504C5B6-51E4-4FCF-B6C2-859E00A70DCF}"
EndProject
Project("{8BC9CEB8-8B4A-11D0-8D11-00A0C91BC942}") = "loadpld", "STEP11_LOADPLD\loadpld.vcxproj", "{1CE6C657-B7D3-4756-9FE1-C7549769A67B}"
EndProject
Project("{8BC9CEB8-8B4A-11D0-8D11-00A0C91BC942}") = "adcread", "STEP12_ADCREAD\adcread.vcxproj", "{84945050-0002-4767-BE3F-9B494B69D3C6}"
EndProject
Global
	GlobalSection(SolutionConfigurationPlatforms) = preSolution
		Debug|x64 = Debug|x64
		Debug|x86 = Debug|x86
		Release|x64 = Release|x64
		Release|x86 = Release|x86
	EndGlobalSection
	GlobalSection(ProjectConfigurationPlatforms) = postSolution
		{7583080C-ABDD-4423-92D5-AF61047CC7A7}.Debug|x64.ActiveCfg = Debug|x64
		{7583080C-ABDD-4423-92D5-AF61047CC7A7}.Debug|x64.Build.0 = Debug|x64
		{7583080C-ABDD-4423-92D5-AF61047CC7A7}.Debug|x86.ActiveCfg = Debug|Win32
		{7583080C-ABDD-4423-92D5-AF61047CC7A7}.Debug|x86.Build.0 = Debug|Win32
		{7583080C-ABDD-4423-92D5-AF61047CC7A7}.Release|x64.ActiveCfg = Release|x64
		{7583080C-ABDD-4423-92D5-AF61047CC7A7}.Release|x64.Build.0 = Release|x64
		{7583080C-ABDD-4423-92D5-AF61047CC7A7}.Release|x86.ActiveCfg = Release|Win32
		{7583080C-ABDD-4423-92D5-AF61047CC7A7}.Release|x86.Build.0 = Release|Win32
		{9580DFA4-4817-4C7B-B0F6-448850DD6E22}.Debug|x64.ActiveCfg = Debug|x64
		{9580DFA4-4817-4C7B-B0F6-448850DD6E22}.Debug|x64.Build.0 = Debug|x64
		{9580DFA4-4817-4C7B-B0F6-448850DD6E22}.Debug|x86.ActiveCfg = Debug|Win32
		{9580DFA4-4817-4C7B-B0F6-448850DD6E22}.Debug|x86.Build.0 = Debug|Win32
		{9580DFA4-4817-4C7B-B0F6-448850DD6E22}.Release|x64.ActiveCfg = Release|x64
		{9580DFA4-4817-4C7B-B0F6-448850DD6E22}.Release|x64.Build.0 = Release|x64
		{9580DFA4-4817-4C7B-B0F6-448850DD6E22}.Release|x86.ActiveCfg = Release|Win32
		{9580DFA4-4817-4C7B-B0F6-448850DD6E22}.Release|x86.Build.0 = Release|Win32
		{032D46D7-1BBB-4F68-B7D0-015AB17F067D}.Debug|x64.ActiveCfg = Debug|x64
		{032D46D7-1BBB-4F68-B7D0-015AB17F067D}.Debug|x64.Build.0 = Debug|x64
		{032D46D7-1BBB-4F68-B7D0-015AB17F067D}.Debug|x86.ActiveCfg = Debug|Win32
		{032D46D7-1BBB-4F68-B7D0-015AB17F067D}.Debug|x86.Build.0 = Debug|Win32
		{032D46D7-1BBB-4F68-B7D0-015AB17F067D}.Release|x64.ActiveCfg = Release|x64
		{032D46D7-1BBB-4F68-B7D0-015AB17F067D}.Release|x64.Build.0 = Release|x64
		{032D46D7-1BBB-4F68-B7D0-015AB17F067D}.Release|x86.ActiveCfg = Release|Win32
		{032D46D7-1BBB-4F68-B7D0-015AB17F067D}.Release|x86.Build.0 = Release|Win32
		{93A292DE-B046-4A7E-8BD8-D890554B6FBD}.Debug|x64.ActiveCfg = Debug|x64
		{93A292DE-B046-4A7E-8BD8-D890554B6FBD}.Debug|x64.Build.0 = Debug|x64
		{93A292DE-B046-4A7E-8BD8-D890554B6FBD}.Debug|x86.ActiveCfg = Debug|Win32
		{93A292DE-B046-4A7E-8BD8-D890554B6FBD}.Debug|x86.Build.0 = Debug|Win32
		{93A292DE-B046-4A7E-8BD8-D890554B6FBD}.Release|x64.ActiveCfg = Release|x64
		{93A292DE-B046-4A7E-8BD8-D890554B6FBD}.Release|x64.Build.0 = Release|x64
		{93A292DE-B046-4A7E-8BD8-D890554B6FBD}.Release|x86.ActiveCfg = Release|Win32
		{93A292DE-B046-4A7E-8BD8-D890554B6FBD}.Release|x86.Build.0 = Release|Win32
		{B63DDB60-4465-47C0-8BB1-2D2E737A3753}.Debug|x64.ActiveCfg = Debug|x64
		{B63DDB60-4465-47C0-8BB1-2D2E737A3753}.Debug|x64.Build.0 = Debug|x64
		{B63DDB60-4465-47C0-8BB1-2D2E737A3753}.Debug|x86.ActiveCfg = Debug|Win32
		{B63DDB60-4465-47C0-8BB1-2D2E737A3753}.Debug|x86.Build.0 = Debug|Win32
		{B63DDB60-4465-47C0-8BB1-2D2E737A3753}.Release|x64.ActiveCfg = Release|x64
		{B63DDB60-4465-47C0-8BB1-2D2E737A3753}.Release|x64.Build.0 = Release|x64
		{B63DDB60-4465-47C0-8BB1-2D2E737A3753}.Release|x86.ActiveCfg = Release|Win32
		{B63DDB60-4465-47C0-8BB1-2D2E737A3753}.Release|x86.Build.0 = Release|Win32
		{BAF1569B-EFAF-49E1-BDE4-75CFB841C27E}.Debug|x64.ActiveCfg = Debug|x64
		{BAF1569B-EFAF-49E1-BDE4-75CFB841C27E}.Debug|x64.Build.0 = Debug|x64
		{BAF1569B-EFAF-49E1-BDE4-75CFB841C27E}.Debug|x86.ActiveCfg = Debug|Win32
		{BAF1569B-EFAF-49E1-BDE4-75CFB841C27E}.Debug|x86.Build.0 = Debug|Win32
		{BAF1569B-EFAF-49E1-BDE4-75CFB841C27E}.Release|x64.ActiveCfg = Release|x64
		{BAF1569B-EFAF-49E1-BDE4-75CFB841C27E}.Release|x64.Build.0 = Release|x64
		{BAF1569B-EFAF-49E1-BDE4-75CFB841C27E}.Release|x86.ActiveCfg = Release|Win32
		{BAF1569B-EFAF-49E1-BDE4-75CFB841C27E}.Release|x86.Build.0 = Release|Win32
		{3610F37C-F305-47E4-85EF-ABEB96B79A13}.Debug|x64.ActiveCfg = Debug|x64
		{3610F37C-F305-47E4-85EF-ABEB96B79A13}.Debug|x64.Build.0 = Debug|x64
		{3610F37C-F305-47E4-85EF-ABEB96B79A13}.Debug|x86.ActiveCfg = Debug|Win32
		{3610F37C-F305-47E4-85EF-ABEB96B79A13}.Debug|x86.Build.0 = Debug|Win32
		{3610F37C-F305-47E4-85EF-ABEB96B79A13}.Release|x64.ActiveCfg = Release|x64
		{3610F37C-F305-47E4-85EF-ABEB96B79A13}.Release|x64.Build.0 = Release|x64
		{3610F37C-F305-47E4-85EF-ABEB96B79A13}.Release|x86.ActiveCfg = Release|Win32
		{3610F37C-F305-47E4-85EF-ABEB96B79A13}.Release|x86.Build.0 = Release|Win32
		{F70EF810-C298-4761-AA4A-F9762FBC9E7A}.Debug|x64.ActiveCfg = Debug|x64
		{F70EF810-C298-4761-AA4A-F9762FBC9E7A}.Debug|x64.Build.0 = Debug|x64
		{F70EF810-C298-4761-AA4A-F9762FBC9E7A}.Debug|x86.ActiveCfg = Debug|Win32
		{F70EF810-C298-4761-AA4A-F9762FBC9E7A}.Debug|x86.Build.0 = Debug|Win32
		{F70EF810-C298-4761-AA4A-F9762FBC9E7A}.Release|x64.ActiveCfg = Release|x64
		{F70EF810-C298-4761-AA4A-F9762FBC9E7A}.Release|x64.Build.0 = Release|x64
		{F70EF810-C298-4761-AA4A-F9762FBC9E7A}.Release|x86.ActiveCfg = Release|Win32
		{F70EF810-C298-4761-AA4A-F9762FBC9E7A}.Release|x86.Build.0 = Release|Win32
		{EBD83382-5C53-4501-8B20-E7C3B34B8FA9}.Debug|x64.ActiveCfg = Debug|x64
		{EBD83382-5C53-4501-8B20-E7C3B34B8FA9}.Debug|x64.Build.0 = Debug|x64
		{EBD83382-5C53-4501-8B20-E7C3B34B8FA9}.Debug|x86.ActiveCfg = Debug|Win32
		{EBD83382-5C53-4501-8B20-E7C3B34B8FA9}.Debug|x86.Build.0 = Debug|Win32
		{EBD83382-5C53-4501-8B20-E7C3B34B8FA9}.Release|x64.ActiveCfg = Release|x64
		{EBD83382-5C53-4501-8B20-E7C3B34B8FA9}.Release|x64.Build.0 = Release|x64
		{EBD83382-5C53-4501-8B20-E7C3B34B8FA9}.Release|x86.ActiveCfg = Release|Win32
		{EBD83382-5C53-4501-8B20-E7C3B34B8FA9}.Release|x86.Build.0 = Release|Win32
		{3504C5B6-51E4-4FCF-B6C2-859E00A70DCF}.Debug|x64.ActiveCfg = Debug|x64
		{3504C5B6-51E4-4FCF-B6C2-859E00A70DCF}.Debug|x64.Build.0 = Debug|x64
		{3504C5B6-51E4-4FCF-B6C2-859E00A70DCF}.Debug|x86.ActiveCfg = Debug|Win32
		{3504C5B6-51E4-4FCF-B6C2-859E00A70DCF}.Debug|x86.Build.0 = Debug|Win32
		{3504C5B6-51E4-4FCF-B6C2-859E00A70DCF}.Release|x64.ActiveCfg = Release|x64
		{3504C5B6-51E4-4FCF-B6C2-859E00A70DCF}.Release|x64.Build.0 = Release|x64
		{3504C5B6-51E4-4FCF-B6C2-859E00A70DCF}.Release|x86.ActiveCfg = Release|Win32
		{3504C5B6-51E4-4FCF-B6C2-859E00A70DCF}.Release|x86.Build.0 = Release|Win32
		{1CE6C657-B7D3-4756-9FE1-C7549769A67B}.Debug|x64.ActiveCfg = Debug|x64
		{1CE6C657-B7D3-4756-9FE1-C7549769A67B}.Debug|x64.Build.0 = Debug|x64
		{1CE6C657-B7D3-4756-9FE1-C7549769A67B}.Debug|x86.ActiveCfg = Debug|Win32
		{1CE6C657-B7D3-4756-9FE1-C7549769A67B}.Debug|x86.Build.0 = Debug|Win32
		{1CE6C657-B7D3-4756-9FE1-C7549769A67B}.Release|x64.ActiveCfg = Release|x64
		{1CE6C657-B7D3-4756-9FE1-C7549769A67B}.Release|x64.Build.0 = Release|x64
		{1CE6C657-B7D3-4756-9FE1-C7549769A67B}.Release|x86.ActiveCfg = Release|Win32
		{1CE6C657-B7D3-4756-9FE1-C7549769A67B}.Release|x86.Build.0 = Release|Win32
		{84945050-0002-4767-BE3F-9B494B69D3C6}.Debug|x64.ActiveCfg = Debug|x64
		{84945050-0002-4767-BE3F-9B494B69D3C6}.Debug|x64.Build.0 = Debug|x64
		{84945050-0002-4767-BE3F-9B494B69D3C6}.Debug|x86.ActiveCfg = Debug|Win32
		{84945050-0002-4767-BE3F-9B494B69D3C6}.Debug|x86.Build.0 = Debug|Win32
		{84945050-0002-4767-BE3F-9B494B69D3C6}.Release|x64.ActiveCfg = Release|x64
		{84945050-0002-4767-BE3F-9B494B69D3C6}.Release|x64.Build.0 = Release|x64
		{84945050-0002-4767-BE3F-9B494B69D3C6}.Release|x86.ActiveCfg = Release|Win32
		{84945050-0002-4767-BE3F-9B494B69D3C6}.Release|x86.Build.0 = Release|Win32
	EndGlobalSection
	GlobalSection(SolutionProperties) = preSolution
		HideSolutionNode = FALSE
	EndGlobalSection
	GlobalSection(ExtensibilityGlobals) = postSolution
		SolutionGuid = {3504FE80-3A65-4708-8CEC-40474C9F8372}
	EndGlobalSection
EndGlobal
